
Microsoft Visual Studio Solution File, Format Version 12.00
# Visual Studio Version 16
VisualStudioVersion = 16.0.30621.155
MinimumVisualStudioVersion = 10.0.40219.1
Project("{9A19103F-16F7-4668-BE54-9A1E7A4F7556}") = "NamedPipeAndDotNet", "NamedPipeAndDotNet\NamedPipeAndDotNet.csproj", "{5A5F3F04-8944-45D3-BEAA-FEEE061F0834}"
EndProject
Project("{2150E333-8FDC-42A3-9474-1A3956D46DE8}") = "nodeClient", "nodeClient", "{82A03C3F-FC98-46F6-9461-4DB31DE08666}"
	ProjectSection(SolutionItems) = preProject
		..\..\Web Projects\PipeClientNodejs\nodeClient.js = ..\..\Web Projects\PipeClientNodejs\nodeClient.js
		..\..\Web Projects\PipeClientNodejs\package.json = ..\..\Web Projects\PipeClientNodejs\package.json
	EndProjectSection
EndProject
Global
	GlobalSection(SolutionConfigurationPlatforms) = preSolution
		Debug|Any CPU = Debug|Any CPU
		Release|Any CPU = Release|Any CPU
	EndGlobalSection
	GlobalSection(ProjectConfigurationPlatforms) = postSolution
		{5A5F3F04-8944-45D3-BEAA-FEEE061F0834}.Debug|Any CPU.ActiveCfg = Debug|Any CPU
		{5A5F3F04-8944-45D3-BEAA-FEEE061F0834}.Debug|Any CPU.Build.0 = Debug|Any CPU
		{5A5F3F04-8944-45D3-BEAA-FEEE061F0834}.Release|Any CPU.ActiveCfg = Release|Any CPU
		{5A5F3F04-8944-45D3-BEAA-FEEE061F0834}.Release|Any CPU.Build.0 = Release|Any CPU
	EndGlobalSection
	GlobalSection(SolutionProperties) = preSolution
		HideSolutionNode = FALSE
	EndGlobalSection
	GlobalSection(ExtensibilityGlobals) = postSolution
		SolutionGuid = {F39B59C8-2F39-4415-A4EC-2F89E61E51CC}
	EndGlobalSection
EndGlobal
